
Microsoft Visual Studio Solution File, Format Version 12.00
# Visual Studio 15
VisualStudioVersion = 15.0.28010.2019
MinimumVisualStudioVersion = 10.0.40219.1
Project("{FAE04EC0-301F-11D3-BF4B-00C04F79EFBC}") = "eProject3_Jamesthew", "eProject3_Jamesthew\eProject3_Jamesthew.csproj", "{243A7C96-20DE-4409-BFF3-111C1DB40FEC}"
EndProject
Global
	GlobalSection(SolutionConfigurationPlatforms) = preSolution
		Debug|Any CPU = Debug|Any CPU
		Release|Any CPU = Release|Any CPU
	EndGlobalSection
	GlobalSection(ProjectConfigurationPlatforms) = postSolution
		{243A7C96-20DE-4409-BFF3-111C1DB40FEC}.Debug|Any CPU.ActiveCfg = Debug|Any CPU
		{243A7C96-20DE-4409-BFF3-111C1DB40FEC}.Debug|Any CPU.Build.0 = Debug|Any CPU
		{243A7C96-20DE-4409-BFF3-111C1DB40FEC}.Release|Any CPU.ActiveCfg = Release|Any CPU
		{243A7C96-20DE-4409-BFF3-111C1DB40FEC}.Release|Any CPU.Build.0 = Release|Any CPU
	EndGlobalSection
	GlobalSection(SolutionProperties) = preSolution
		HideSolutionNode = FALSE
	EndGlobalSection
	GlobalSection(ExtensibilityGlobals) = postSolution
		SolutionGuid = {B8D5EC93-AFFA-45BE-A290-45B871500E0E}
	EndGlobalSection
EndGlobal
